{
    "_readme": [
        "This file locks the dependencies of your project to a known state",
        "Read more about it at https://getcomposer.org/doc/01-basic-usage.md#installing-dependencies",
        "This file is @generated automatically"
    ],
    "content-hash": "c41893b2ae3c3e8577f62a934d33f06c",
    "packages": [
        {
            "name": "developergeorg/cbr-simple-soap",
            "version": "1.0.0",
            "source": {
                "type": "git",
                "url": "https://github.com/DeveloperGeorg/cbr-simple-soap.git",
                "reference": "15ccd4df3d8cf07094290aac40229a4b76199060"
            },
            "dist": {
                "type": "zip",
                "url": "https://api.github.com/repos/DeveloperGeorg/cbr-simple-soap/zipball/15ccd4df3d8cf07094290aac40229a4b76199060",
                "reference": "15ccd4df3d8cf07094290aac40229a4b76199060",
                "shasum": ""
            },
            "require": {
                "ext-simplexml": "*",
                "ext-soap": "*"
            },
            "type": "library",
            "autoload": {
                "psr-4": {
                    "CbrSimpleSoap\\": "src/"
                },
                "files": []
            },
            "notification-url": "https://packagist.org/downloads/",
            "authors": [
                {
                    "name": "developergeorg",
                    "email": "developergeorg@gmail.com"
                }
            ],
            "time": "2020-10-04T10:05:49+00:00"
        },
        {
            "name": "developergeorg/day-rate",
            "version": "1.0.0",
            "source": {
                "type": "git",
                "url": "https://github.com/DeveloperGeorg/day-rate.git",
                "reference": "64ee5413600c82e2307ff11ef982e5ca9fd0ad84"
            },
            "dist": {
                "type": "zip",
                "url": "https://api.github.com/repos/DeveloperGeorg/day-rate/zipball/64ee5413600c82e2307ff11ef982e5ca9fd0ad84",
                "reference": "64ee5413600c82e2307ff11ef982e5ca9fd0ad84",
                "shasum": ""
            },
            "type": "library",
            "autoload": {
                "psr-4": {
                    "DayRate\\": "src/"
                },
                "files": []
            },
            "notification-url": "https://packagist.org/downloads/",
            "authors": [
                {
                    "name": "developergeorg",
                    "email": "developergeorg@gmail.com"
                }
            ],
            "time": "2020-10-04T10:07:57+00:00"
        }
    ],
    "packages-dev": [],
    "aliases": [],
    "minimum-stability": "stable",
    "stability-flags": [],
    "prefer-stable": false,
    "prefer-lowest": false,
    "platform": {
        "ext-simplexml": "*"
    },
    "platform-dev": [],
    "plugin-api-version": "1.1.0"
}
